
Microsoft Visual Studio Solution File, Format Version 12.00
# Visual Studio Version 17
VisualStudioVersion = 17.5.33516.290
MinimumVisualStudioVersion = 10.0.40219.1
Project("{FAE04EC0-301F-11D3-BF4B-00C04F79EFBC}") = "DoAn_LapTrinhWeb", "DoAn_LapTrinhWeb.csproj", "{834F5E83-5175-4EE7-A8C3-AA47694C16EC}"
EndProject
Global
	GlobalSection(SolutionConfigurationPlatforms) = preSolution
		Debug|Any CPU = Debug|Any CPU
		Release|Any CPU = Release|Any CPU
	EndGlobalSection
	GlobalSection(ProjectConfigurationPlatforms) = postSolution
		{834F5E83-5175-4EE7-A8C3-AA47694C16EC}.Debug|Any CPU.ActiveCfg = Debug|Any CPU
		{834F5E83-5175-4EE7-A8C3-AA47694C16EC}.Debug|Any CPU.Build.0 = Debug|Any CPU
		{834F5E83-5175-4EE7-A8C3-AA47694C16EC}.Release|Any CPU.ActiveCfg = Release|Any CPU
		{834F5E83-5175-4EE7-A8C3-AA47694C16EC}.Release|Any CPU.Build.0 = Release|Any CPU
	EndGlobalSection
	GlobalSection(SolutionProperties) = preSolution
		HideSolutionNode = FALSE
	EndGlobalSection
	GlobalSection(ExtensibilityGlobals) = postSolution
		SolutionGuid = {71F33485-D769-4670-B7C3-A7FCE7DF6018}
	EndGlobalSection
EndGlobal
